// !$*UTF8*$!
{
	archiveVersion = 1;
	classes = {
	};
	objectVersion = 56;
	objects = {

/* Begin PBXBuildFile section */
		62154303292AC47300CB5667 /* UserRowView.swift in Sources */ = {isa = PBXBuildFile; fileRef = 62154302292AC47300CB5667 /* UserRowView.swift */; };
		62154308292AC83200CB5667 /* SideMenuView.swift in Sources */ = {isa = PBXBuildFile; fileRef = 62154307292AC83200CB5667 /* SideMenuView.swift */; };
		6215430A292AC84500CB5667 /* SideMenuRowView.swift in Sources */ = {isa = PBXBuildFile; fileRef = 62154309292AC84500CB5667 /* SideMenuRowView.swift */; };
		6215430C292AC85E00CB5667 /* SideMenuViewModel.swift in Sources */ = {isa = PBXBuildFile; fileRef = 6215430B292AC85E00CB5667 /* SideMenuViewModel.swift */; };
		6215430E292ACA3500CB5667 /* UserStatsView.swift in Sources */ = {isa = PBXBuildFile; fileRef = 6215430D292ACA3500CB5667 /* UserStatsView.swift */; };
		62154310292AD2FD00CB5667 /* SideMenuOptionRowView.swift in Sources */ = {isa = PBXBuildFile; fileRef = 6215430F292AD2FD00CB5667 /* SideMenuOptionRowView.swift */; };
		622529A1292B5B2C0048CAD4 /* NewTweetView.swift in Sources */ = {isa = PBXBuildFile; fileRef = 622529A0292B5B2C0048CAD4 /* NewTweetView.swift */; };
		622529A3292B5CAA0048CAD4 /* TextArea.swift in Sources */ = {isa = PBXBuildFile; fileRef = 622529A2292B5CAA0048CAD4 /* TextArea.swift */; };
		623E7585292A87DA00395152 /* Twitter_CloneApp.swift in Sources */ = {isa = PBXBuildFile; fileRef = 623E7584292A87DA00395152 /* Twitter_CloneApp.swift */; };
		623E7587292A87DA00395152 /* ContentView.swift in Sources */ = {isa = PBXBuildFile; fileRef = 623E7586292A87DA00395152 /* ContentView.swift */; };
		623E7589292A87DC00395152 /* Assets.xcassets in Resources */ = {isa = PBXBuildFile; fileRef = 623E7588292A87DC00395152 /* Assets.xcassets */; };
		623E758C292A87DC00395152 /* Preview Assets.xcassets in Resources */ = {isa = PBXBuildFile; fileRef = 623E758B292A87DC00395152 /* Preview Assets.xcassets */; };
		623E759F292A894B00395152 /* FeedView.swift in Sources */ = {isa = PBXBuildFile; fileRef = 623E759E292A894A00395152 /* FeedView.swift */; };
		623E75A2292A8F5800395152 /* TweetRowView.swift in Sources */ = {isa = PBXBuildFile; fileRef = 623E75A1292A8F5800395152 /* TweetRowView.swift */; };
		623E75A5292A98B800395152 /* MainTabView.swift in Sources */ = {isa = PBXBuildFile; fileRef = 623E75A4292A98B800395152 /* MainTabView.swift */; };
		623E75AB292AA0D100395152 /* ExploreView.swift in Sources */ = {isa = PBXBuildFile; fileRef = 623E75AA292AA0D100395152 /* ExploreView.swift */; };
		623E75AD292AA0DD00395152 /* NotificationView.swift in Sources */ = {isa = PBXBuildFile; fileRef = 623E75AC292AA0DD00395152 /* NotificationView.swift */; };
		623E75AF292AA0E600395152 /* MessagesView.swift in Sources */ = {isa = PBXBuildFile; fileRef = 623E75AE292AA0E600395152 /* MessagesView.swift */; };
		623E75B3292AA2E000395152 /* ProfileView.swift in Sources */ = {isa = PBXBuildFile; fileRef = 623E75B2292AA2E000395152 /* ProfileView.swift */; };
		623E75B5292AAD0C00395152 /* TweetFilterViewModel.swift in Sources */ = {isa = PBXBuildFile; fileRef = 623E75B4292AAD0C00395152 /* TweetFilterViewModel.swift */; };
		62499AA2292BF4A500436593 /* FirebaseAnalytics in Frameworks */ = {isa = PBXBuildFile; productRef = 62499AA1292BF4A500436593 /* FirebaseAnalytics */; };
		62499AA4292BF4A500436593 /* FirebaseAnalyticsSwift in Frameworks */ = {isa = PBXBuildFile; productRef = 62499AA3292BF4A500436593 /* FirebaseAnalyticsSwift */; };
		62499AA6292BF4A500436593 /* FirebaseAuth in Frameworks */ = {isa = PBXBuildFile; productRef = 62499AA5292BF4A500436593 /* FirebaseAuth */; };
		62499AA8292BF4A500436593 /* FirebaseFirestore in Frameworks */ = {isa = PBXBuildFile; productRef = 62499AA7292BF4A500436593 /* FirebaseFirestore */; };
		62499AAA292BF4A500436593 /* FirebaseFirestoreSwift in Frameworks */ = {isa = PBXBuildFile; productRef = 62499AA9292BF4A500436593 /* FirebaseFirestoreSwift */; };
		62499AAC292BF4A500436593 /* FirebaseStorage in Frameworks */ = {isa = PBXBuildFile; productRef = 62499AAB292BF4A500436593 /* FirebaseStorage */; };
		62499AAE292BF67B00436593 /* AuthViewModel.swift in Sources */ = {isa = PBXBuildFile; fileRef = 62499AAD292BF67B00436593 /* AuthViewModel.swift */; };
		62624658292BD323001FBF49 /* CustomInputField.swift in Sources */ = {isa = PBXBuildFile; fileRef = 62624657292BD323001FBF49 /* CustomInputField.swift */; };
		6262465A292BD804001FBF49 /* AuthHeaderView.swift in Sources */ = {isa = PBXBuildFile; fileRef = 62624659292BD804001FBF49 /* AuthHeaderView.swift */; };
		6262465C292BEDEF001FBF49 /* GoogleService-Info.plist in Resources */ = {isa = PBXBuildFile; fileRef = 6262465B292BEDEE001FBF49 /* GoogleService-Info.plist */; };
		6297F278292EA3B200D360C9 /* ImageUploader.swift in Sources */ = {isa = PBXBuildFile; fileRef = 6297F277292EA3B200D360C9 /* ImageUploader.swift */; };
		6297F27A292EB95200D360C9 /* ImageUpload.swift in Sources */ = {isa = PBXBuildFile; fileRef = 6297F279292EB95200D360C9 /* ImageUpload.swift */; };
		6297F27C292EC8B000D360C9 /* UserService.swift in Sources */ = {isa = PBXBuildFile; fileRef = 6297F27B292EC8B000D360C9 /* UserService.swift */; };
		6297F27E292ECB7D00D360C9 /* User.swift in Sources */ = {isa = PBXBuildFile; fileRef = 6297F27D292ECB7D00D360C9 /* User.swift */; };
		62C5F9A2292B825100FCBB11 /* LoginView.swift in Sources */ = {isa = PBXBuildFile; fileRef = 62C5F9A1292B825100FCBB11 /* LoginView.swift */; };
		62C5F9A4292B826B00FCBB11 /* RegistrationView.swift in Sources */ = {isa = PBXBuildFile; fileRef = 62C5F9A3292B826B00FCBB11 /* RegistrationView.swift */; };
		62C5F9A6292B841000FCBB11 /* RoundedShape.swift in Sources */ = {isa = PBXBuildFile; fileRef = 62C5F9A5292B841000FCBB11 /* RoundedShape.swift */; };
		62D1961B29424BF30019EFE7 /* ExploreViewModel.swift in Sources */ = {isa = PBXBuildFile; fileRef = 62D1961A29424BF30019EFE7 /* ExploreViewModel.swift */; };
		62E1D955292D2B4500DF0274 /* ProfilePhotoSelectorView.swift in Sources */ = {isa = PBXBuildFile; fileRef = 62E1D954292D2B4500DF0274 /* ProfilePhotoSelectorView.swift */; };
		62E1D958292D3F3E00DF0274 /* ImagePicker.swift in Sources */ = {isa = PBXBuildFile; fileRef = 62E1D957292D3F3E00DF0274 /* ImagePicker.swift */; };
		62FE19C2293A73C3004CE289 /* Kingfisher in Frameworks */ = {isa = PBXBuildFile; productRef = 62FE19C1293A73C3004CE289 /* Kingfisher */; };
/* End PBXBuildFile section */

/* Begin PBXFileReference section */
		62154302292AC47300CB5667 /* UserRowView.swift */ = {isa = PBXFileReference; lastKnownFileType = sourcecode.swift; path = UserRowView.swift; sourceTree = "<group>"; };
		62154307292AC83200CB5667 /* SideMenuView.swift */ = {isa = PBXFileReference; lastKnownFileType = sourcecode.swift; path = SideMenuView.swift; sourceTree = "<group>"; };
		62154309292AC84500CB5667 /* SideMenuRowView.swift */ = {isa = PBXFileReference; lastKnownFileType = sourcecode.swift; path = SideMenuRowView.swift; sourceTree = "<group>"; };
		6215430B292AC85E00CB5667 /* SideMenuViewModel.swift */ = {isa = PBXFileReference; lastKnownFileType = sourcecode.swift; path = SideMenuViewModel.swift; sourceTree = "<group>"; };
		6215430D292ACA3500CB5667 /* UserStatsView.swift */ = {isa = PBXFileReference; lastKnownFileType = sourcecode.swift; path = UserStatsView.swift; sourceTree = "<group>"; };
		6215430F292AD2FD00CB5667 /* SideMenuOptionRowView.swift */ = {isa = PBXFileReference; lastKnownFileType = sourcecode.swift; path = SideMenuOptionRowView.swift; sourceTree = "<group>"; };
		622529A0292B5B2C0048CAD4 /* NewTweetView.swift */ = {isa = PBXFileReference; lastKnownFileType = sourcecode.swift; path = NewTweetView.swift; sourceTree = "<group>"; };
		622529A2292B5CAA0048CAD4 /* TextArea.swift */ = {isa = PBXFileReference; lastKnownFileType = sourcecode.swift; path = TextArea.swift; sourceTree = "<group>"; };
		623E7581292A87DA00395152 /* Twitter Clone.app */ = {isa = PBXFileReference; explicitFileType = wrapper.application; includeInIndex = 0; path = "Twitter Clone.app"; sourceTree = BUILT_PRODUCTS_DIR; };
		623E7584292A87DA00395152 /* Twitter_CloneApp.swift */ = {isa = PBXFileReference; lastKnownFileType = sourcecode.swift; path = Twitter_CloneApp.swift; sourceTree = "<group>"; };
		623E7586292A87DA00395152 /* ContentView.swift */ = {isa = PBXFileReference; lastKnownFileType = sourcecode.swift; path = ContentView.swift; sourceTree = "<group>"; };
		623E7588292A87DC00395152 /* Assets.xcassets */ = {isa = PBXFileReference; lastKnownFileType = folder.assetcatalog; path = Assets.xcassets; sourceTree = "<group>"; };
		623E758B292A87DC00395152 /* Preview Assets.xcassets */ = {isa = PBXFileReference; lastKnownFileType = folder.assetcatalog; path = "Preview Assets.xcassets"; sourceTree = "<group>"; };
		623E759E292A894A00395152 /* FeedView.swift */ = {isa = PBXFileReference; lastKnownFileType = sourcecode.swift; path = FeedView.swift; sourceTree = "<group>"; };
		623E75A1292A8F5800395152 /* TweetRowView.swift */ = {isa = PBXFileReference; lastKnownFileType = sourcecode.swift; path = TweetRowView.swift; sourceTree = "<group>"; };
		623E75A4292A98B800395152 /* MainTabView.swift */ = {isa = PBXFileReference; lastKnownFileType = sourcecode.swift; path = MainTabView.swift; sourceTree = "<group>"; };
		623E75AA292AA0D100395152 /* ExploreView.swift */ = {isa = PBXFileReference; lastKnownFileType = sourcecode.swift; path = ExploreView.swift; sourceTree = "<group>"; };
		623E75AC292AA0DD00395152 /* NotificationView.swift */ = {isa = PBXFileReference; lastKnownFileType = sourcecode.swift; path = NotificationView.swift; sourceTree = "<group>"; };
		623E75AE292AA0E600395152 /* MessagesView.swift */ = {isa = PBXFileReference; lastKnownFileType = sourcecode.swift; path = MessagesView.swift; sourceTree = "<group>"; };
		623E75B2292AA2E000395152 /* ProfileView.swift */ = {isa = PBXFileReference; lastKnownFileType = sourcecode.swift; path = ProfileView.swift; sourceTree = "<group>"; };
		623E75B4292AAD0C00395152 /* TweetFilterViewModel.swift */ = {isa = PBXFileReference; lastKnownFileType = sourcecode.swift; path = TweetFilterViewModel.swift; sourceTree = "<group>"; };
		62499AAD292BF67B00436593 /* AuthViewModel.swift */ = {isa = PBXFileReference; lastKnownFileType = sourcecode.swift; path = AuthViewModel.swift; sourceTree = "<group>"; };
		62624657292BD323001FBF49 /* CustomInputField.swift */ = {isa = PBXFileReference; lastKnownFileType = sourcecode.swift; path = CustomInputField.swift; sourceTree = "<group>"; };
		62624659292BD804001FBF49 /* AuthHeaderView.swift */ = {isa = PBXFileReference; lastKnownFileType = sourcecode.swift; path = AuthHeaderView.swift; sourceTree = "<group>"; };
		6262465B292BEDEE001FBF49 /* GoogleService-Info.plist */ = {isa = PBXFileReference; lastKnownFileType = text.plist; path = "GoogleService-Info.plist"; sourceTree = SOURCE_ROOT; };
		6297F277292EA3B200D360C9 /* ImageUploader.swift */ = {isa = PBXFileReference; lastKnownFileType = sourcecode.swift; path = ImageUploader.swift; sourceTree = "<group>"; };
		6297F279292EB95200D360C9 /* ImageUpload.swift */ = {isa = PBXFileReference; lastKnownFileType = sourcecode.swift; path = ImageUpload.swift; sourceTree = "<group>"; };
		6297F27B292EC8B000D360C9 /* UserService.swift */ = {isa = PBXFileReference; lastKnownFileType = sourcecode.swift; path = UserService.swift; sourceTree = "<group>"; };
		6297F27D292ECB7D00D360C9 /* User.swift */ = {isa = PBXFileReference; lastKnownFileType = sourcecode.swift; path = User.swift; sourceTree = "<group>"; };
		62C5F9A1292B825100FCBB11 /* LoginView.swift */ = {isa = PBXFileReference; lastKnownFileType = sourcecode.swift; path = LoginView.swift; sourceTree = "<group>"; };
		62C5F9A3292B826B00FCBB11 /* RegistrationView.swift */ = {isa = PBXFileReference; lastKnownFileType = sourcecode.swift; path = RegistrationView.swift; sourceTree = "<group>"; };
		62C5F9A5292B841000FCBB11 /* RoundedShape.swift */ = {isa = PBXFileReference; lastKnownFileType = sourcecode.swift; path = RoundedShape.swift; sourceTree = "<group>"; };
		62D1961A29424BF30019EFE7 /* ExploreViewModel.swift */ = {isa = PBXFileReference; lastKnownFileType = sourcecode.swift; path = ExploreViewModel.swift; sourceTree = "<group>"; };
		62E1D954292D2B4500DF0274 /* ProfilePhotoSelectorView.swift */ = {isa = PBXFileReference; lastKnownFileType = sourcecode.swift; path = ProfilePhotoSelectorView.swift; sourceTree = "<group>"; };
		62E1D957292D3F3E00DF0274 /* ImagePicker.swift */ = {isa = PBXFileReference; lastKnownFileType = sourcecode.swift; path = ImagePicker.swift; sourceTree = "<group>"; };
/* End PBXFileReference section */

/* Begin PBXFrameworksBuildPhase section */
		623E757E292A87DA00395152 /* Frameworks */ = {
			isa = PBXFrameworksBuildPhase;
			buildActionMask = 2147483647;
			files = (
				62499AAA292BF4A500436593 /* FirebaseFirestoreSwift in Frameworks */,
				62499AA4292BF4A500436593 /* FirebaseAnalyticsSwift in Frameworks */,
				62FE19C2293A73C3004CE289 /* Kingfisher in Frameworks */,
				62499AA8292BF4A500436593 /* FirebaseFirestore in Frameworks */,
				62499AA6292BF4A500436593 /* FirebaseAuth in Frameworks */,
				62499AA2292BF4A500436593 /* FirebaseAnalytics in Frameworks */,
				62499AAC292BF4A500436593 /* FirebaseStorage in Frameworks */,
			);
			runOnlyForDeploymentPostprocessing = 0;
		};
/* End PBXFrameworksBuildPhase section */

/* Begin PBXGroup section */
		621542FF292AC43500CB5667 /* Views */ = {
			isa = PBXGroup;
			children = (
				623E75AA292AA0D100395152 /* ExploreView.swift */,
			);
			path = Views;
			sourceTree = "<group>";
		};
		62154300292AC43B00CB5667 /* ViewModels */ = {
			isa = PBXGroup;
			children = (
				62D1961A29424BF30019EFE7 /* ExploreViewModel.swift */,
			);
			path = ViewModels;
			sourceTree = "<group>";
		};
		62154301292AC45E00CB5667 /* User */ = {
			isa = PBXGroup;
			children = (
				62154302292AC47300CB5667 /* UserRowView.swift */,
				6215430D292ACA3500CB5667 /* UserStatsView.swift */,
			);
			path = User;
			sourceTree = "<group>";
		};
		62154304292AC7FD00CB5667 /* SideMenu */ = {
			isa = PBXGroup;
			children = (
				62154305292AC80300CB5667 /* ViewModels */,
				62154306292AC80A00CB5667 /* Views */,
			);
			path = SideMenu;
			sourceTree = "<group>";
		};
		62154305292AC80300CB5667 /* ViewModels */ = {
			isa = PBXGroup;
			children = (
				6215430B292AC85E00CB5667 /* SideMenuViewModel.swift */,
			);
			path = ViewModels;
			sourceTree = "<group>";
		};
		62154306292AC80A00CB5667 /* Views */ = {
			isa = PBXGroup;
			children = (
				62154307292AC83200CB5667 /* SideMenuView.swift */,
				62154309292AC84500CB5667 /* SideMenuRowView.swift */,
				6215430F292AD2FD00CB5667 /* SideMenuOptionRowView.swift */,
			);
			path = Views;
			sourceTree = "<group>";
		};
		6225299D292B5B020048CAD4 /* UploadTweets */ = {
			isa = PBXGroup;
			children = (
				6225299F292B5B110048CAD4 /* ViewModels */,
				6225299E292B5B0C0048CAD4 /* Views */,
			);
			path = UploadTweets;
			sourceTree = "<group>";
		};
		6225299E292B5B0C0048CAD4 /* Views */ = {
			isa = PBXGroup;
			children = (
				622529A0292B5B2C0048CAD4 /* NewTweetView.swift */,
			);
			path = Views;
			sourceTree = "<group>";
		};
		6225299F292B5B110048CAD4 /* ViewModels */ = {
			isa = PBXGroup;
			children = (
			);
			path = ViewModels;
			sourceTree = "<group>";
		};
		623E7578292A87DA00395152 = {
			isa = PBXGroup;
			children = (
				623E7583292A87DA00395152 /* Twitter Clone */,
				623E7582292A87DA00395152 /* Products */,
			);
			sourceTree = "<group>";
		};
		623E7582292A87DA00395152 /* Products */ = {
			isa = PBXGroup;
			children = (
				623E7581292A87DA00395152 /* Twitter Clone.app */,
			);
			name = Products;
			sourceTree = "<group>";
		};
		623E7583292A87DA00395152 /* Twitter Clone */ = {
			isa = PBXGroup;
			children = (
				62E1D956292D3F1B00DF0274 /* Utils */,
				623E7592292A87F400395152 /* Extension */,
				623E7597292A880A00395152 /* Model */,
				623E7596292A880900395152 /* Service */,
				623E7595292A880400395152 /* Core */,
				623E7584292A87DA00395152 /* Twitter_CloneApp.swift */,
				623E7586292A87DA00395152 /* ContentView.swift */,
				623E7588292A87DC00395152 /* Assets.xcassets */,
				6262465B292BEDEE001FBF49 /* GoogleService-Info.plist */,
				623E758A292A87DC00395152 /* Preview Content */,
			);
			path = "Twitter Clone";
			sourceTree = "<group>";
		};
		623E758A292A87DC00395152 /* Preview Content */ = {
			isa = PBXGroup;
			children = (
				623E758B292A87DC00395152 /* Preview Assets.xcassets */,
			);
			path = "Preview Content";
			sourceTree = "<group>";
		};
		623E7592292A87F400395152 /* Extension */ = {
			isa = PBXGroup;
			children = (
			);
			path = Extension;
			sourceTree = "<group>";
		};
		623E7595292A880400395152 /* Core */ = {
			isa = PBXGroup;
			children = (
				62C5F99E292B822C00FCBB11 /* Authentication */,
				6225299D292B5B020048CAD4 /* UploadTweets */,
				62154304292AC7FD00CB5667 /* SideMenu */,
				623E7598292A883F00395152 /* Components */,
				623E75A9292AA0A800395152 /* Profile */,
				623E75A8292AA08200395152 /* Explore */,
				623E75A7292AA08000395152 /* Notification */,
				623E75A6292AA07E00395152 /* Message */,
				623E75A3292A98A700395152 /* MainTab */,
				623E7599292A884700395152 /* Feed */,
			);
			path = Core;
			sourceTree = "<group>";
		};
		623E7596292A880900395152 /* Service */ = {
			isa = PBXGroup;
			children = (
				6297F277292EA3B200D360C9 /* ImageUploader.swift */,
				6297F279292EB95200D360C9 /* ImageUpload.swift */,
				6297F27B292EC8B000D360C9 /* UserService.swift */,
			);
			path = Service;
			sourceTree = "<group>";
		};
		623E7597292A880A00395152 /* Model */ = {
			isa = PBXGroup;
			children = (
				6297F27D292ECB7D00D360C9 /* User.swift */,
			);
			path = Model;
			sourceTree = "<group>";
		};
		623E7598292A883F00395152 /* Components */ = {
			isa = PBXGroup;
			children = (
				62154301292AC45E00CB5667 /* User */,
				623E75A0292A8F3600395152 /* Tweets */,
				622529A2292B5CAA0048CAD4 /* TextArea.swift */,
				62C5F9A5292B841000FCBB11 /* RoundedShape.swift */,
				62624657292BD323001FBF49 /* CustomInputField.swift */,
			);
			path = Components;
			sourceTree = "<group>";
		};
		623E7599292A884700395152 /* Feed */ = {
			isa = PBXGroup;
			children = (
				623E759A292A88FC00395152 /* ViewModel */,
				623E759B292A890400395152 /* View */,
			);
			path = Feed;
			sourceTree = "<group>";
		};
		623E759A292A88FC00395152 /* ViewModel */ = {
			isa = PBXGroup;
			children = (
			);
			path = ViewModel;
			sourceTree = "<group>";
		};
		623E759B292A890400395152 /* View */ = {
			isa = PBXGroup;
			children = (
				623E759E292A894A00395152 /* FeedView.swift */,
			);
			path = View;
			sourceTree = "<group>";
		};
		623E75A0292A8F3600395152 /* Tweets */ = {
			isa = PBXGroup;
			children = (
				623E75A1292A8F5800395152 /* TweetRowView.swift */,
			);
			path = Tweets;
			sourceTree = "<group>";
		};
		623E75A3292A98A700395152 /* MainTab */ = {
			isa = PBXGroup;
			children = (
				623E75A4292A98B800395152 /* MainTabView.swift */,
			);
			path = MainTab;
			sourceTree = "<group>";
		};
		623E75A6292AA07E00395152 /* Message */ = {
			isa = PBXGroup;
			children = (
				623E75AE292AA0E600395152 /* MessagesView.swift */,
			);
			path = Message;
			sourceTree = "<group>";
		};
		623E75A7292AA08000395152 /* Notification */ = {
			isa = PBXGroup;
			children = (
				623E75AC292AA0DD00395152 /* NotificationView.swift */,
			);
			path = Notification;
			sourceTree = "<group>";
		};
		623E75A8292AA08200395152 /* Explore */ = {
			isa = PBXGroup;
			children = (
				62154300292AC43B00CB5667 /* ViewModels */,
				621542FF292AC43500CB5667 /* Views */,
			);
			path = Explore;
			sourceTree = "<group>";
		};
		623E75A9292AA0A800395152 /* Profile */ = {
			isa = PBXGroup;
			children = (
				623E75B0292AA2BE00395152 /* ViewModels */,
				623E75B1292AA2CD00395152 /* Views */,
			);
			path = Profile;
			sourceTree = "<group>";
		};
		623E75B0292AA2BE00395152 /* ViewModels */ = {
			isa = PBXGroup;
			children = (
				623E75B4292AAD0C00395152 /* TweetFilterViewModel.swift */,
			);
			path = ViewModels;
			sourceTree = "<group>";
		};
		623E75B1292AA2CD00395152 /* Views */ = {
			isa = PBXGroup;
			children = (
				623E75B2292AA2E000395152 /* ProfileView.swift */,
			);
			path = Views;
			sourceTree = "<group>";
		};
		62C5F99E292B822C00FCBB11 /* Authentication */ = {
			isa = PBXGroup;
			children = (
				62C5F9A0292B823700FCBB11 /* ViewModels */,
				62C5F99F292B823100FCBB11 /* Views */,
				62624659292BD804001FBF49 /* AuthHeaderView.swift */,
			);
			path = Authentication;
			sourceTree = "<group>";
		};
		62C5F99F292B823100FCBB11 /* Views */ = {
			isa = PBXGroup;
			children = (
				62C5F9A1292B825100FCBB11 /* LoginView.swift */,
				62C5F9A3292B826B00FCBB11 /* RegistrationView.swift */,
				62E1D954292D2B4500DF0274 /* ProfilePhotoSelectorView.swift */,
			);
			path = Views;
			sourceTree = "<group>";
		};
		62C5F9A0292B823700FCBB11 /* ViewModels */ = {
			isa = PBXGroup;
			children = (
				62499AAD292BF67B00436593 /* AuthViewModel.swift */,
			);
			path = ViewModels;
			sourceTree = "<group>";
		};
		62E1D956292D3F1B00DF0274 /* Utils */ = {
			isa = PBXGroup;
			children = (
				62E1D957292D3F3E00DF0274 /* ImagePicker.swift */,
			);
			path = Utils;
			sourceTree = "<group>";
		};
/* End PBXGroup section */

/* Begin PBXNativeTarget section */
		623E7580292A87DA00395152 /* Twitter Clone */ = {
			isa = PBXNativeTarget;
			buildConfigurationList = 623E758F292A87DC00395152 /* Build configuration list for PBXNativeTarget "Twitter Clone" */;
			buildPhases = (
				623E757D292A87DA00395152 /* Sources */,
				623E757E292A87DA00395152 /* Frameworks */,
				623E757F292A87DA00395152 /* Resources */,
			);
			buildRules = (
			);
			dependencies = (
			);
			name = "Twitter Clone";
			packageProductDependencies = (
				62499AA1292BF4A500436593 /* FirebaseAnalytics */,
				62499AA3292BF4A500436593 /* FirebaseAnalyticsSwift */,
				62499AA5292BF4A500436593 /* FirebaseAuth */,
				62499AA7292BF4A500436593 /* FirebaseFirestore */,
				62499AA9292BF4A500436593 /* FirebaseFirestoreSwift */,
				62499AAB292BF4A500436593 /* FirebaseStorage */,
				62FE19C1293A73C3004CE289 /* Kingfisher */,
			);
			productName = "Twitter Clone";
			productReference = 623E7581292A87DA00395152 /* Twitter Clone.app */;
			productType = "com.apple.product-type.application";
		};
/* End PBXNativeTarget section */

/* Begin PBXProject section */
		623E7579292A87DA00395152 /* Project object */ = {
			isa = PBXProject;
			attributes = {
				BuildIndependentTargetsInParallel = 1;
				LastSwiftUpdateCheck = 1410;
				LastUpgradeCheck = 1410;
				TargetAttributes = {
					623E7580292A87DA00395152 = {
						CreatedOnToolsVersion = 14.1;
					};
				};
			};
			buildConfigurationList = 623E757C292A87DA00395152 /* Build configuration list for PBXProject "Twitter Clone" */;
			compatibilityVersion = "Xcode 14.0";
			developmentRegion = en;
			hasScannedForEncodings = 0;
			knownRegions = (
				en,
				Base,
			);
			mainGroup = 623E7578292A87DA00395152;
			packageReferences = (
				62499AA0292BF4A500436593 /* XCRemoteSwiftPackageReference "firebase-ios-sdk" */,
				62FE19C0293A73C3004CE289 /* XCRemoteSwiftPackageReference "Kingfisher" */,
			);
			productRefGroup = 623E7582292A87DA00395152 /* Products */;
			projectDirPath = "";
			projectRoot = "";
			targets = (
				623E7580292A87DA00395152 /* Twitter Clone */,
			);
		};
/* End PBXProject section */

/* Begin PBXResourcesBuildPhase section */
		623E757F292A87DA00395152 /* Resources */ = {
			isa = PBXResourcesBuildPhase;
			buildActionMask = 2147483647;
			files = (
				623E758C292A87DC00395152 /* Preview Assets.xcassets in Resources */,
				623E7589292A87DC00395152 /* Assets.xcassets in Resources */,
				6262465C292BEDEF001FBF49 /* GoogleService-Info.plist in Resources */,
			);
			runOnlyForDeploymentPostprocessing = 0;
		};
/* End PBXResourcesBuildPhase section */

/* Begin PBXSourcesBuildPhase section */
		623E757D292A87DA00395152 /* Sources */ = {
			isa = PBXSourcesBuildPhase;
			buildActionMask = 2147483647;
			files = (
				623E75AF292AA0E600395152 /* MessagesView.swift in Sources */,
				623E75B3292AA2E000395152 /* ProfileView.swift in Sources */,
				623E7587292A87DA00395152 /* ContentView.swift in Sources */,
				6215430A292AC84500CB5667 /* SideMenuRowView.swift in Sources */,
				6297F27A292EB95200D360C9 /* ImageUpload.swift in Sources */,
				623E75A2292A8F5800395152 /* TweetRowView.swift in Sources */,
				623E75B5292AAD0C00395152 /* TweetFilterViewModel.swift in Sources */,
				62624658292BD323001FBF49 /* CustomInputField.swift in Sources */,
				6297F27E292ECB7D00D360C9 /* User.swift in Sources */,
				623E75AD292AA0DD00395152 /* NotificationView.swift in Sources */,
				622529A3292B5CAA0048CAD4 /* TextArea.swift in Sources */,
				62154308292AC83200CB5667 /* SideMenuView.swift in Sources */,
				623E759F292A894B00395152 /* FeedView.swift in Sources */,
				622529A1292B5B2C0048CAD4 /* NewTweetView.swift in Sources */,
				623E7585292A87DA00395152 /* Twitter_CloneApp.swift in Sources */,
				62E1D958292D3F3E00DF0274 /* ImagePicker.swift in Sources */,
				6215430C292AC85E00CB5667 /* SideMenuViewModel.swift in Sources */,
				6297F27C292EC8B000D360C9 /* UserService.swift in Sources */,
				62E1D955292D2B4500DF0274 /* ProfilePhotoSelectorView.swift in Sources */,
				62154303292AC47300CB5667 /* UserRowView.swift in Sources */,
				62C5F9A6292B841000FCBB11 /* RoundedShape.swift in Sources */,
				62154310292AD2FD00CB5667 /* SideMenuOptionRowView.swift in Sources */,
				62D1961B29424BF30019EFE7 /* ExploreViewModel.swift in Sources */,
				623E75AB292AA0D100395152 /* ExploreView.swift in Sources */,
				62C5F9A2292B825100FCBB11 /* LoginView.swift in Sources */,
				623E75A5292A98B800395152 /* MainTabView.swift in Sources */,
				62499AAE292BF67B00436593 /* AuthViewModel.swift in Sources */,
				6297F278292EA3B200D360C9 /* ImageUploader.swift in Sources */,
				6262465A292BD804001FBF49 /* AuthHeaderView.swift in Sources */,
				6215430E292ACA3500CB5667 /* UserStatsView.swift in Sources */,
				62C5F9A4292B826B00FCBB11 /* RegistrationView.swift in Sources */,
			);
			runOnlyForDeploymentPostprocessing = 0;
		};
/* End PBXSourcesBuildPhase section */

/* Begin XCBuildConfiguration section */
		623E758D292A87DC00395152 /* Debug */ = {
			isa = XCBuildConfiguration;
			buildSettings = {
				ALWAYS_SEARCH_USER_PATHS = NO;
				CLANG_ANALYZER_NONNULL = YES;
				CLANG_ANALYZER_NUMBER_OBJECT_CONVERSION = YES_AGGRESSIVE;
				CLANG_CXX_LANGUAGE_STANDARD = "gnu++20";
				CLANG_ENABLE_MODULES = YES;
				CLANG_ENABLE_OBJC_ARC = YES;
				CLANG_ENABLE_OBJC_WEAK = YES;
				CLANG_WARN_BLOCK_CAPTURE_AUTORELEASING = YES;
				CLANG_WARN_BOOL_CONVERSION = YES;
				CLANG_WARN_COMMA = YES;
				CLANG_WARN_CONSTANT_CONVERSION = YES;
				CLANG_WARN_DEPRECATED_OBJC_IMPLEMENTATIONS = YES;
				CLANG_WARN_DIRECT_OBJC_ISA_USAGE = YES_ERROR;
				CLANG_WARN_DOCUMENTATION_COMMENTS = YES;
				CLANG_WARN_EMPTY_BODY = YES;
				CLANG_WARN_ENUM_CONVERSION = YES;
				CLANG_WARN_INFINITE_RECURSION = YES;
				CLANG_WARN_INT_CONVERSION = YES;
				CLANG_WARN_NON_LITERAL_NULL_CONVERSION = YES;
				CLANG_WARN_OBJC_IMPLICIT_RETAIN_SELF = YES;
				CLANG_WARN_OBJC_LITERAL_CONVERSION = YES;
				CLANG_WARN_OBJC_ROOT_CLASS = YES_ERROR;
				CLANG_WARN_QUOTED_INCLUDE_IN_FRAMEWORK_HEADER = YES;
				CLANG_WARN_RANGE_LOOP_ANALYSIS = YES;
				CLANG_WARN_STRICT_PROTOTYPES = YES;
				CLANG_WARN_SUSPICIOUS_MOVE = YES;
				CLANG_WARN_UNGUARDED_AVAILABILITY = YES_AGGRESSIVE;
				CLANG_WARN_UNREACHABLE_CODE = YES;
				CLANG_WARN__DUPLICATE_METHOD_MATCH = YES;
				COPY_PHASE_STRIP = NO;
				DEBUG_INFORMATION_FORMAT = dwarf;
				ENABLE_STRICT_OBJC_MSGSEND = YES;
				ENABLE_TESTABILITY = YES;
				GCC_C_LANGUAGE_STANDARD = gnu11;
				GCC_DYNAMIC_NO_PIC = NO;
				GCC_NO_COMMON_BLOCKS = YES;
				GCC_OPTIMIZATION_LEVEL = 0;
				GCC_PREPROCESSOR_DEFINITIONS = (
					"DEBUG=1",
					"$(inherited)",
				);
				GCC_WARN_64_TO_32_BIT_CONVERSION = YES;
				GCC_WARN_ABOUT_RETURN_TYPE = YES_ERROR;
				GCC_WARN_UNDECLARED_SELECTOR = YES;
				GCC_WARN_UNINITIALIZED_AUTOS = YES_AGGRESSIVE;
				GCC_WARN_UNUSED_FUNCTION = YES;
				GCC_WARN_UNUSED_VARIABLE = YES;
				IPHONEOS_DEPLOYMENT_TARGET = 16.1;
				MTL_ENABLE_DEBUG_INFO = INCLUDE_SOURCE;
				MTL_FAST_MATH = YES;
				ONLY_ACTIVE_ARCH = YES;
				SDKROOT = iphoneos;
				SWIFT_ACTIVE_COMPILATION_CONDITIONS = DEBUG;
				SWIFT_OPTIMIZATION_LEVEL = "-Onone";
			};
			name = Debug;
		};
		623E758E292A87DC00395152 /* Release */ = {
			isa = XCBuildConfiguration;
			buildSettings = {
				ALWAYS_SEARCH_USER_PATHS = NO;
				CLANG_ANALYZER_NONNULL = YES;
				CLANG_ANALYZER_NUMBER_OBJECT_CONVERSION = YES_AGGRESSIVE;
				CLANG_CXX_LANGUAGE_STANDARD = "gnu++20";
				CLANG_ENABLE_MODULES = YES;
				CLANG_ENABLE_OBJC_ARC = YES;
				CLANG_ENABLE_OBJC_WEAK = YES;
				CLANG_WARN_BLOCK_CAPTURE_AUTORELEASING = YES;
				CLANG_WARN_BOOL_CONVERSION = YES;
				CLANG_WARN_COMMA = YES;
				CLANG_WARN_CONSTANT_CONVERSION = YES;
				CLANG_WARN_DEPRECATED_OBJC_IMPLEMENTATIONS = YES;
				CLANG_WARN_DIRECT_OBJC_ISA_USAGE = YES_ERROR;
				CLANG_WARN_DOCUMENTATION_COMMENTS = YES;
				CLANG_WARN_EMPTY_BODY = YES;
				CLANG_WARN_ENUM_CONVERSION = YES;
				CLANG_WARN_INFINITE_RECURSION = YES;
				CLANG_WARN_INT_CONVERSION = YES;
				CLANG_WARN_NON_LITERAL_NULL_CONVERSION = YES;
				CLANG_WARN_OBJC_IMPLICIT_RETAIN_SELF = YES;
				CLANG_WARN_OBJC_LITERAL_CONVERSION = YES;
				CLANG_WARN_OBJC_ROOT_CLASS = YES_ERROR;
				CLANG_WARN_QUOTED_INCLUDE_IN_FRAMEWORK_HEADER = YES;
				CLANG_WARN_RANGE_LOOP_ANALYSIS = YES;
				CLANG_WARN_STRICT_PROTOTYPES = YES;
				CLANG_WARN_SUSPICIOUS_MOVE = YES;
				CLANG_WARN_UNGUARDED_AVAILABILITY = YES_AGGRESSIVE;
				CLANG_WARN_UNREACHABLE_CODE = YES;
				CLANG_WARN__DUPLICATE_METHOD_MATCH = YES;
				COPY_PHASE_STRIP = NO;
				DEBUG_INFORMATION_FORMAT = "dwarf-with-dsym";
				ENABLE_NS_ASSERTIONS = NO;
				ENABLE_STRICT_OBJC_MSGSEND = YES;
				GCC_C_LANGUAGE_STANDARD = gnu11;
				GCC_NO_COMMON_BLOCKS = YES;
				GCC_WARN_64_TO_32_BIT_CONVERSION = YES;
				GCC_WARN_ABOUT_RETURN_TYPE = YES_ERROR;
				GCC_WARN_UNDECLARED_SELECTOR = YES;
				GCC_WARN_UNINITIALIZED_AUTOS = YES_AGGRESSIVE;
				GCC_WARN_UNUSED_FUNCTION = YES;
				GCC_WARN_UNUSED_VARIABLE = YES;
				IPHONEOS_DEPLOYMENT_TARGET = 16.1;
				MTL_ENABLE_DEBUG_INFO = NO;
				MTL_FAST_MATH = YES;
				SDKROOT = iphoneos;
				SWIFT_COMPILATION_MODE = wholemodule;
				SWIFT_OPTIMIZATION_LEVEL = "-O";
				VALIDATE_PRODUCT = YES;
			};
			name = Release;
		};
		623E7590292A87DC00395152 /* Debug */ = {
			isa = XCBuildConfiguration;
			buildSettings = {
				ASSETCATALOG_COMPILER_APPICON_NAME = AppIcon;
				ASSETCATALOG_COMPILER_GLOBAL_ACCENT_COLOR_NAME = AccentColor;
				CODE_SIGN_STYLE = Automatic;
				CURRENT_PROJECT_VERSION = 1;
				DEVELOPMENT_ASSET_PATHS = "\"Twitter Clone/Preview Content\"";
				DEVELOPMENT_TEAM = T9C935UX7U;
				ENABLE_PREVIEWS = YES;
				GENERATE_INFOPLIST_FILE = YES;
				INFOPLIST_KEY_UIApplicationSceneManifest_Generation = YES;
				INFOPLIST_KEY_UIApplicationSupportsIndirectInputEvents = YES;
				INFOPLIST_KEY_UILaunchScreen_Generation = YES;
				INFOPLIST_KEY_UISupportedInterfaceOrientations_iPad = "UIInterfaceOrientationPortrait UIInterfaceOrientationPortraitUpsideDown UIInterfaceOrientationLandscapeLeft UIInterfaceOrientationLandscapeRight";
				INFOPLIST_KEY_UISupportedInterfaceOrientations_iPhone = "UIInterfaceOrientationPortrait UIInterfaceOrientationLandscapeLeft UIInterfaceOrientationLandscapeRight";
				LD_RUNPATH_SEARCH_PATHS = (
					"$(inherited)",
					"@executable_path/Frameworks",
				);
				MARKETING_VERSION = 1.0;
				PRODUCT_BUNDLE_IDENTIFIER = "Yatharth.Twitter-Clone";
				PRODUCT_NAME = "$(TARGET_NAME)";
				SWIFT_EMIT_LOC_STRINGS = YES;
				SWIFT_VERSION = 5.0;
				TARGETED_DEVICE_FAMILY = "1,2";
			};
			name = Debug;
		};
		623E7591292A87DC00395152 /* Release */ = {
			isa = XCBuildConfiguration;
			buildSettings = {
				ASSETCATALOG_COMPILER_APPICON_NAME = AppIcon;
				ASSETCATALOG_COMPILER_GLOBAL_ACCENT_COLOR_NAME = AccentColor;
				CODE_SIGN_STYLE = Automatic;
				CURRENT_PROJECT_VERSION = 1;
				DEVELOPMENT_ASSET_PATHS = "\"Twitter Clone/Preview Content\"";
				DEVELOPMENT_TEAM = T9C935UX7U;
				ENABLE_PREVIEWS = YES;
				GENERATE_INFOPLIST_FILE = YES;
				INFOPLIST_KEY_UIApplicationSceneManifest_Generation = YES;
				INFOPLIST_KEY_UIApplicationSupportsIndirectInputEvents = YES;
				INFOPLIST_KEY_UILaunchScreen_Generation = YES;
				INFOPLIST_KEY_UISupportedInterfaceOrientations_iPad = "UIInterfaceOrientationPortrait UIInterfaceOrientationPortraitUpsideDown UIInterfaceOrientationLandscapeLeft UIInterfaceOrientationLandscapeRight";
				INFOPLIST_KEY_UISupportedInterfaceOrientations_iPhone = "UIInterfaceOrientationPortrait UIInterfaceOrientationLandscapeLeft UIInterfaceOrientationLandscapeRight";
				LD_RUNPATH_SEARCH_PATHS = (
					"$(inherited)",
					"@executable_path/Frameworks",
				);
				MARKETING_VERSION = 1.0;
				PRODUCT_BUNDLE_IDENTIFIER = "Yatharth.Twitter-Clone";
				PRODUCT_NAME = "$(TARGET_NAME)";
				SWIFT_EMIT_LOC_STRINGS = YES;
				SWIFT_VERSION = 5.0;
				TARGETED_DEVICE_FAMILY = "1,2";
			};
			name = Release;
		};
/* End XCBuildConfiguration section */

/* Begin XCConfigurationList section */
		623E757C292A87DA00395152 /* Build configuration list for PBXProject "Twitter Clone" */ = {
			isa = XCConfigurationList;
			buildConfigurations = (
				623E758D292A87DC00395152 /* Debug */,
				623E758E292A87DC00395152 /* Release */,
			);
			defaultConfigurationIsVisible = 0;
			defaultConfigurationName = Release;
		};
		623E758F292A87DC00395152 /* Build configuration list for PBXNativeTarget "Twitter Clone" */ = {
			isa = XCConfigurationList;
			buildConfigurations = (
				623E7590292A87DC00395152 /* Debug */,
				623E7591292A87DC00395152 /* Release */,
			);
			defaultConfigurationIsVisible = 0;
			defaultConfigurationName = Release;
		};
/* End XCConfigurationList section */

/* Begin XCRemoteSwiftPackageReference section */
		62499AA0292BF4A500436593 /* XCRemoteSwiftPackageReference "firebase-ios-sdk" */ = {
			isa = XCRemoteSwiftPackageReference;
			repositoryURL = "https://github.com/firebase/firebase-ios-sdk";
			requirement = {
				branch = master;
				kind = branch;
			};
		};
		62FE19C0293A73C3004CE289 /* XCRemoteSwiftPackageReference "Kingfisher" */ = {
			isa = XCRemoteSwiftPackageReference;
			repositoryURL = "https://github.com/onevcat/Kingfisher.git";
			requirement = {
				kind = upToNextMajorVersion;
				minimumVersion = 7.0.0;
			};
		};
/* End XCRemoteSwiftPackageReference section */

/* Begin XCSwiftPackageProductDependency section */
		62499AA1292BF4A500436593 /* FirebaseAnalytics */ = {
			isa = XCSwiftPackageProductDependency;
			package = 62499AA0292BF4A500436593 /* XCRemoteSwiftPackageReference "firebase-ios-sdk" */;
			productName = FirebaseAnalytics;
		};
		62499AA3292BF4A500436593 /* FirebaseAnalyticsSwift */ = {
			isa = XCSwiftPackageProductDependency;
			package = 62499AA0292BF4A500436593 /* XCRemoteSwiftPackageReference "firebase-ios-sdk" */;
			productName = FirebaseAnalyticsSwift;
		};
		62499AA5292BF4A500436593 /* FirebaseAuth */ = {
			isa = XCSwiftPackageProductDependency;
			package = 62499AA0292BF4A500436593 /* XCRemoteSwiftPackageReference "firebase-ios-sdk" */;
			productName = FirebaseAuth;
		};
		62499AA7292BF4A500436593 /* FirebaseFirestore */ = {
			isa = XCSwiftPackageProductDependency;
			package = 62499AA0292BF4A500436593 /* XCRemoteSwiftPackageReference "firebase-ios-sdk" */;
			productName = FirebaseFirestore;
		};
		62499AA9292BF4A500436593 /* FirebaseFirestoreSwift */ = {
			isa = XCSwiftPackageProductDependency;
			package = 62499AA0292BF4A500436593 /* XCRemoteSwiftPackageReference "firebase-ios-sdk" */;
			productName = FirebaseFirestoreSwift;
		};
		62499AAB292BF4A500436593 /* FirebaseStorage */ = {
			isa = XCSwiftPackageProductDependency;
			package = 62499AA0292BF4A500436593 /* XCRemoteSwiftPackageReference "firebase-ios-sdk" */;
			productName = FirebaseStorage;
		};
		62FE19C1293A73C3004CE289 /* Kingfisher */ = {
			isa = XCSwiftPackageProductDependency;
			package = 62FE19C0293A73C3004CE289 /* XCRemoteSwiftPackageReference "Kingfisher" */;
			productName = Kingfisher;
		};
/* End XCSwiftPackageProductDependency section */
	};
	rootObject = 623E7579292A87DA00395152 /* Project object */;
}
